
Microsoft Visual Studio Solution File, Format Version 12.00
# Visual Studio Version 17
VisualStudioVersion = 17.5.33424.131
MinimumVisualStudioVersion = 10.0.40219.1
Project("{FAE04EC0-301F-11D3-BF4B-00C04F79EFBC}") = "kspi-plugin", "kspi-plugin.csproj", "{1C6FB27E-8551-476A-9572-14E887F49DFF}"
EndProject
Global
	GlobalSection(SolutionConfigurationPlatforms) = preSolution
		Debug|Any CPU = Debug|Any CPU
		Debug|x64 = Debug|x64
		Release|Any CPU = Release|Any CPU
		Release|x64 = Release|x64
	EndGlobalSection
	GlobalSection(ProjectConfigurationPlatforms) = postSolution
		{1C6FB27E-8551-476A-9572-14E887F49DFF}.Debug|Any CPU.ActiveCfg = Debug|Any CPU
		{1C6FB27E-8551-476A-9572-14E887F49DFF}.Debug|Any CPU.Build.0 = Debug|Any CPU
		{1C6FB27E-8551-476A-9572-14E887F49DFF}.Debug|x64.ActiveCfg = Debug|x64
		{1C6FB27E-8551-476A-9572-14E887F49DFF}.Debug|x64.Build.0 = Debug|x64
		{1C6FB27E-8551-476A-9572-14E887F49DFF}.Release|Any CPU.ActiveCfg = Release|Any CPU
		{1C6FB27E-8551-476A-9572-14E887F49DFF}.Release|Any CPU.Build.0 = Release|Any CPU
		{1C6FB27E-8551-476A-9572-14E887F49DFF}.Release|x64.ActiveCfg = Release|x64
		{1C6FB27E-8551-476A-9572-14E887F49DFF}.Release|x64.Build.0 = Release|x64
	EndGlobalSection
	GlobalSection(SolutionProperties) = preSolution
		HideSolutionNode = FALSE
	EndGlobalSection
	GlobalSection(ExtensibilityGlobals) = postSolution
		SolutionGuid = {7E520C04-D9A7-4101-9DD4-C3E2326317CE}
	EndGlobalSection
EndGlobal
